// !$*UTF8*$!
{
	archiveVersion = 1;
	classes = {
	};
	objectVersion = 50;
	objects = {

/* Begin PBXBuildFile section */
		CDC96AC32239EA890073C830 /* AppDelegate.m in Sources */ = {isa = PBXBuildFile; fileRef = CDC96AC22239EA890073C830 /* AppDelegate.m */; };
		CDC96AC62239EA890073C830 /* ViewController.m in Sources */ = {isa = PBXBuildFile; fileRef = CDC96AC52239EA890073C830 /* ViewController.m */; };
		CDC96AC92239EA890073C830 /* Main.storyboard in Resources */ = {isa = PBXBuildFile; fileRef = CDC96AC72239EA890073C830 /* Main.storyboard */; };
		CDC96ACB2239EA8A0073C830 /* Assets.xcassets in Resources */ = {isa = PBXBuildFile; fileRef = CDC96ACA2239EA8A0073C830 /* Assets.xcassets */; };
		CDC96ACE2239EA8A0073C830 /* LaunchScreen.storyboard in Resources */ = {isa = PBXBuildFile; fileRef = CDC96ACC2239EA8A0073C830 /* LaunchScreen.storyboard */; };
		CDC96AD12239EA8A0073C830 /* main.m in Sources */ = {isa = PBXBuildFile; fileRef = CDC96AD02239EA8A0073C830 /* main.m */; };
		CDC96ADD2239F0930073C830 /* Aspects.m in Sources */ = {isa = PBXBuildFile; fileRef = CDC96ADA2239F0930073C830 /* Aspects.m */; };
		CDC96ADE2239F0930073C830 /* EventList.plist in Resources */ = {isa = PBXBuildFile; fileRef = CDC96ADB2239F0930073C830 /* EventList.plist */; };
		CDC96ADF2239F0930073C830 /* BPAspectManager.m in Sources */ = {isa = PBXBuildFile; fileRef = CDC96ADC2239F0930073C830 /* BPAspectManager.m */; };
		E049B1C1F44C98A9395A07CF /* libPods-PBM.a in Frameworks */ = {isa = PBXBuildFile; fileRef = 23B0C608E1B3C420898D0E7E /* libPods-PBM.a */; };
/* End PBXBuildFile section */

/* Begin PBXFileReference section */
		13698CDB13D757B520F0CC8C /* Pods-PBM.release.xcconfig */ = {isa = PBXFileReference; includeInIndex = 1; lastKnownFileType = text.xcconfig; name = "Pods-PBM.release.xcconfig"; path = "Pods/Target Support Files/Pods-PBM/Pods-PBM.release.xcconfig"; sourceTree = "<group>"; };
		23B0C608E1B3C420898D0E7E /* libPods-PBM.a */ = {isa = PBXFileReference; explicitFileType = archive.ar; includeInIndex = 0; path = "libPods-PBM.a"; sourceTree = BUILT_PRODUCTS_DIR; };
		28E5AA0510FDFCFDA83B5009 /* Pods-PBM.debug.xcconfig */ = {isa = PBXFileReference; includeInIndex = 1; lastKnownFileType = text.xcconfig; name = "Pods-PBM.debug.xcconfig"; path = "Pods/Target Support Files/Pods-PBM/Pods-PBM.debug.xcconfig"; sourceTree = "<group>"; };
		CDC96ABE2239EA890073C830 /* PBM.app */ = {isa = PBXFileReference; explicitFileType = wrapper.application; includeInIndex = 0; path = PBM.app; sourceTree = BUILT_PRODUCTS_DIR; };
		CDC96AC12239EA890073C830 /* AppDelegate.h */ = {isa = PBXFileReference; lastKnownFileType = sourcecode.c.h; path = AppDelegate.h; sourceTree = "<group>"; };
		CDC96AC22239EA890073C830 /* AppDelegate.m */ = {isa = PBXFileReference; lastKnownFileType = sourcecode.c.objc; path = AppDelegate.m; sourceTree = "<group>"; };
		CDC96AC42239EA890073C830 /* ViewController.h */ = {isa = PBXFileReference; lastKnownFileType = sourcecode.c.h; path = ViewController.h; sourceTree = "<group>"; };
		CDC96AC52239EA890073C830 /* ViewController.m */ = {isa = PBXFileReference; lastKnownFileType = sourcecode.c.objc; path = ViewController.m; sourceTree = "<group>"; };
		CDC96AC82239EA890073C830 /* Base */ = {isa = PBXFileReference; lastKnownFileType = file.storyboard; name = Base; path = Base.lproj/Main.storyboard; sourceTree = "<group>"; };
		CDC96ACA2239EA8A0073C830 /* Assets.xcassets */ = {isa = PBXFileReference; lastKnownFileType = folder.assetcatalog; path = Assets.xcassets; sourceTree = "<group>"; };
		CDC96ACD2239EA8A0073C830 /* Base */ = {isa = PBXFileReference; lastKnownFileType = file.storyboard; name = Base; path = Base.lproj/LaunchScreen.storyboard; sourceTree = "<group>"; };
		CDC96ACF2239EA8A0073C830 /* Info.plist */ = {isa = PBXFileReference; lastKnownFileType = text.plist.xml; path = Info.plist; sourceTree = "<group>"; };
		CDC96AD02239EA8A0073C830 /* main.m */ = {isa = PBXFileReference; lastKnownFileType = sourcecode.c.objc; path = main.m; sourceTree = "<group>"; };
		CDC96AD82239F0930073C830 /* BPAspectManager.h */ = {isa = PBXFileReference; fileEncoding = 4; lastKnownFileType = sourcecode.c.h; path = BPAspectManager.h; sourceTree = "<group>"; };
		CDC96AD92239F0930073C830 /* Aspects.h */ = {isa = PBXFileReference; fileEncoding = 4; lastKnownFileType = sourcecode.c.h; path = Aspects.h; sourceTree = "<group>"; };
		CDC96ADA2239F0930073C830 /* Aspects.m */ = {isa = PBXFileReference; fileEncoding = 4; lastKnownFileType = sourcecode.c.objc; path = Aspects.m; sourceTree = "<group>"; };
		CDC96ADB2239F0930073C830 /* EventList.plist */ = {isa = PBXFileReference; fileEncoding = 4; lastKnownFileType = text.plist.xml; path = EventList.plist; sourceTree = "<group>"; };
		CDC96ADC2239F0930073C830 /* BPAspectManager.m */ = {isa = PBXFileReference; fileEncoding = 4; lastKnownFileType = sourcecode.c.objc; path = BPAspectManager.m; sourceTree = "<group>"; };
		CDC96AE1223A337C0073C830 /* aaaHeader.h */ = {isa = PBXFileReference; lastKnownFileType = sourcecode.c.h; path = aaaHeader.h; sourceTree = "<group>"; };
/* End PBXFileReference section */

/* Begin PBXFrameworksBuildPhase section */
		CDC96ABB2239EA890073C830 /* Frameworks */ = {
			isa = PBXFrameworksBuildPhase;
			buildActionMask = 2147483647;
			files = (
				E049B1C1F44C98A9395A07CF /* libPods-PBM.a in Frameworks */,
			);
			runOnlyForDeploymentPostprocessing = 0;
		};
/* End PBXFrameworksBuildPhase section */

/* Begin PBXGroup section */
		7C30E8168F7D7A7CF76C702C /* Pods */ = {
			isa = PBXGroup;
			children = (
				28E5AA0510FDFCFDA83B5009 /* Pods-PBM.debug.xcconfig */,
				13698CDB13D757B520F0CC8C /* Pods-PBM.release.xcconfig */,
			);
			name = Pods;
			sourceTree = "<group>";
		};
		CDC96AB52239EA890073C830 = {
			isa = PBXGroup;
			children = (
				CDC96AD72239F0780073C830 /* aaa */,
				CDC96AC02239EA890073C830 /* PBM */,
				CDC96ABF2239EA890073C830 /* Products */,
				7C30E8168F7D7A7CF76C702C /* Pods */,
				DD3E20A3EE433B67DB1A97E8 /* Frameworks */,
			);
			sourceTree = "<group>";
		};
		CDC96ABF2239EA890073C830 /* Products */ = {
			isa = PBXGroup;
			children = (
				CDC96ABE2239EA890073C830 /* PBM.app */,
			);
			name = Products;
			sourceTree = "<group>";
		};
		CDC96AC02239EA890073C830 /* PBM */ = {
			isa = PBXGroup;
			children = (
				CDC96AC12239EA890073C830 /* AppDelegate.h */,
				CDC96AC22239EA890073C830 /* AppDelegate.m */,
				CDC96AC42239EA890073C830 /* ViewController.h */,
				CDC96AC52239EA890073C830 /* ViewController.m */,
				CDC96AC72239EA890073C830 /* Main.storyboard */,
				CDC96ACA2239EA8A0073C830 /* Assets.xcassets */,
				CDC96ACC2239EA8A0073C830 /* LaunchScreen.storyboard */,
				CDC96ACF2239EA8A0073C830 /* Info.plist */,
				CDC96AD02239EA8A0073C830 /* main.m */,
			);
			path = PBM;
			sourceTree = "<group>";
		};
		CDC96AD72239F0780073C830 /* aaa */ = {
			isa = PBXGroup;
			children = (
				CDC96AE1223A337C0073C830 /* aaaHeader.h */,
				CDC96AD92239F0930073C830 /* Aspects.h */,
				CDC96ADA2239F0930073C830 /* Aspects.m */,
				CDC96AD82239F0930073C830 /* BPAspectManager.h */,
				CDC96ADC2239F0930073C830 /* BPAspectManager.m */,
				CDC96ADB2239F0930073C830 /* EventList.plist */,
			);
			path = aaa;
			sourceTree = "<group>";
		};
		DD3E20A3EE433B67DB1A97E8 /* Frameworks */ = {
			isa = PBXGroup;
			children = (
				23B0C608E1B3C420898D0E7E /* libPods-PBM.a */,
			);
			name = Frameworks;
			sourceTree = "<group>";
		};
/* End PBXGroup section */

/* Begin PBXNativeTarget section */
		CDC96ABD2239EA890073C830 /* PBM */ = {
			isa = PBXNativeTarget;
			buildConfigurationList = CDC96AD42239EA8A0073C830 /* Build configuration list for PBXNativeTarget "PBM" */;
			buildPhases = (
				BE7064489739FAA2A0D1AF36 /* [CP] Check Pods Manifest.lock */,
				CDC96ABA2239EA890073C830 /* Sources */,
				CDC96ABB2239EA890073C830 /* Frameworks */,
				CDC96ABC2239EA890073C830 /* Resources */,
			);
			buildRules = (
			);
			dependencies = (
			);
			name = PBM;
			productName = PBM;
			productReference = CDC96ABE2239EA890073C830 /* PBM.app */;
			productType = "com.apple.product-type.application";
		};
/* End PBXNativeTarget section */

/* Begin PBXProject section */
		CDC96AB62239EA890073C830 /* Project object */ = {
			isa = PBXProject;
			attributes = {
				LastUpgradeCheck = 1010;
				ORGANIZATIONNAME = MarkLiu;
				TargetAttributes = {
					CDC96ABD2239EA890073C830 = {
						CreatedOnToolsVersion = 10.1;
					};
				};
			};
			buildConfigurationList = CDC96AB92239EA890073C830 /* Build configuration list for PBXProject "PBM" */;
			compatibilityVersion = "Xcode 9.3";
			developmentRegion = en;
			hasScannedForEncodings = 0;
			knownRegions = (
				en,
				Base,
			);
			mainGroup = CDC96AB52239EA890073C830;
			productRefGroup = CDC96ABF2239EA890073C830 /* Products */;
			projectDirPath = "";
			projectRoot = "";
			targets = (
				CDC96ABD2239EA890073C830 /* PBM */,
			);
		};
/* End PBXProject section */

/* Begin PBXResourcesBuildPhase section */
		CDC96ABC2239EA890073C830 /* Resources */ = {
			isa = PBXResourcesBuildPhase;
			buildActionMask = 2147483647;
			files = (
				CDC96ACE2239EA8A0073C830 /* LaunchScreen.storyboard in Resources */,
				CDC96ACB2239EA8A0073C830 /* Assets.xcassets in Resources */,
				CDC96AC92239EA890073C830 /* Main.storyboard in Resources */,
				CDC96ADE2239F0930073C830 /* EventList.plist in Resources */,
			);
			runOnlyForDeploymentPostprocessing = 0;
		};
/* End PBXResourcesBuildPhase section */

/* Begin PBXShellScriptBuildPhase section */
		BE7064489739FAA2A0D1AF36 /* [CP] Check Pods Manifest.lock */ = {
			isa = PBXShellScriptBuildPhase;
			buildActionMask = 2147483647;
			files = (
			);
			inputPaths = (
				"${PODS_PODFILE_DIR_PATH}/Podfile.lock",
				"${PODS_ROOT}/Manifest.lock",
			);
			name = "[CP] Check Pods Manifest.lock";
			outputPaths = (
				"$(DERIVED_FILE_DIR)/Pods-PBM-checkManifestLockResult.txt",
			);
			runOnlyForDeploymentPostprocessing = 0;
			shellPath = /bin/sh;
			shellScript = "diff \"${PODS_PODFILE_DIR_PATH}/Podfile.lock\" \"${PODS_ROOT}/Manifest.lock\" > /dev/null\nif [ $? != 0 ] ; then\n    # print error to STDERR\n    echo \"error: The sandbox is not in sync with the Podfile.lock. Run 'pod install' or update your CocoaPods installation.\" >&2\n    exit 1\nfi\n# This output is used by Xcode 'outputs' to avoid re-running this script phase.\necho \"SUCCESS\" > \"${SCRIPT_OUTPUT_FILE_0}\"\n";
			showEnvVarsInLog = 0;
		};
/* End PBXShellScriptBuildPhase section */

/* Begin PBXSourcesBuildPhase section */
		CDC96ABA2239EA890073C830 /* Sources */ = {
			isa = PBXSourcesBuildPhase;
			buildActionMask = 2147483647;
			files = (
				CDC96ADF2239F0930073C830 /* BPAspectManager.m in Sources */,
				CDC96AC62239EA890073C830 /* ViewController.m in Sources */,
				CDC96AD12239EA8A0073C830 /* main.m in Sources */,
				CDC96AC32239EA890073C830 /* AppDelegate.m in Sources */,
				CDC96ADD2239F0930073C830 /* Aspects.m in Sources */,
			);
			runOnlyForDeploymentPostprocessing = 0;
		};
/* End PBXSourcesBuildPhase section */

/* Begin PBXVariantGroup section */
		CDC96AC72239EA890073C830 /* Main.storyboard */ = {
			isa = PBXVariantGroup;
			children = (
				CDC96AC82239EA890073C830 /* Base */,
			);
			name = Main.storyboard;
			sourceTree = "<group>";
		};
		CDC96ACC2239EA8A0073C830 /* LaunchScreen.storyboard */ = {
			isa = PBXVariantGroup;
			children = (
				CDC96ACD2239EA8A0073C830 /* Base */,
			);
			name = LaunchScreen.storyboard;
			sourceTree = "<group>";
		};
/* End PBXVariantGroup section */

/* Begin XCBuildConfiguration section */
		CDC96AD22239EA8A0073C830 /* Debug */ = {
			isa = XCBuildConfiguration;
			buildSettings = {
				ALWAYS_SEARCH_USER_PATHS = NO;
				CLANG_ANALYZER_NONNULL = YES;
				CLANG_ANALYZER_NUMBER_OBJECT_CONVERSION = YES_AGGRESSIVE;
				CLANG_CXX_LANGUAGE_STANDARD = "gnu++14";
				CLANG_CXX_LIBRARY = "libc++";
				CLANG_ENABLE_MODULES = YES;
				CLANG_ENABLE_OBJC_ARC = YES;
				CLANG_ENABLE_OBJC_WEAK = YES;
				CLANG_WARN_BLOCK_CAPTURE_AUTORELEASING = YES;
				CLANG_WARN_BOOL_CONVERSION = YES;
				CLANG_WARN_COMMA = YES;
				CLANG_WARN_CONSTANT_CONVERSION = YES;
				CLANG_WARN_DEPRECATED_OBJC_IMPLEMENTATIONS = YES;
				CLANG_WARN_DIRECT_OBJC_ISA_USAGE = YES_ERROR;
				CLANG_WARN_DOCUMENTATION_COMMENTS = YES;
				CLANG_WARN_EMPTY_BODY = YES;
				CLANG_WARN_ENUM_CONVERSION = YES;
				CLANG_WARN_INFINITE_RECURSION = YES;
				CLANG_WARN_INT_CONVERSION = YES;
				CLANG_WARN_NON_LITERAL_NULL_CONVERSION = YES;
				CLANG_WARN_OBJC_IMPLICIT_RETAIN_SELF = YES;
				CLANG_WARN_OBJC_LITERAL_CONVERSION = YES;
				CLANG_WARN_OBJC_ROOT_CLASS = YES_ERROR;
				CLANG_WARN_RANGE_LOOP_ANALYSIS = YES;
				CLANG_WARN_STRICT_PROTOTYPES = YES;
				CLANG_WARN_SUSPICIOUS_MOVE = YES;
				CLANG_WARN_UNGUARDED_AVAILABILITY = YES_AGGRESSIVE;
				CLANG_WARN_UNREACHABLE_CODE = YES;
				CLANG_WARN__DUPLICATE_METHOD_MATCH = YES;
				CODE_SIGN_IDENTITY = "iPhone Developer";
				COPY_PHASE_STRIP = NO;
				DEBUG_INFORMATION_FORMAT = dwarf;
				ENABLE_STRICT_OBJC_MSGSEND = YES;
				ENABLE_TESTABILITY = YES;
				GCC_C_LANGUAGE_STANDARD = gnu11;
				GCC_DYNAMIC_NO_PIC = NO;
				GCC_NO_COMMON_BLOCKS = YES;
				GCC_OPTIMIZATION_LEVEL = 0;
				GCC_PREPROCESSOR_DEFINITIONS = (
					"DEBUG=1",
					"$(inherited)",
				);
				GCC_WARN_64_TO_32_BIT_CONVERSION = YES;
				GCC_WARN_ABOUT_RETURN_TYPE = YES_ERROR;
				GCC_WARN_UNDECLARED_SELECTOR = YES;
				GCC_WARN_UNINITIALIZED_AUTOS = YES_AGGRESSIVE;
				GCC_WARN_UNUSED_FUNCTION = YES;
				GCC_WARN_UNUSED_VARIABLE = YES;
				IPHONEOS_DEPLOYMENT_TARGET = 12.1;
				MTL_ENABLE_DEBUG_INFO = INCLUDE_SOURCE;
				MTL_FAST_MATH = YES;
				ONLY_ACTIVE_ARCH = YES;
				SDKROOT = iphoneos;
			};
			name = Debug;
		};
		CDC96AD32239EA8A0073C830 /* Release */ = {
			isa = XCBuildConfiguration;
			buildSettings = {
				ALWAYS_SEARCH_USER_PATHS = NO;
				CLANG_ANALYZER_NONNULL = YES;
				CLANG_ANALYZER_NUMBER_OBJECT_CONVERSION = YES_AGGRESSIVE;
				CLANG_CXX_LANGUAGE_STANDARD = "gnu++14";
				CLANG_CXX_LIBRARY = "libc++";
				CLANG_ENABLE_MODULES = YES;
				CLANG_ENABLE_OBJC_ARC = YES;
				CLANG_ENABLE_OBJC_WEAK = YES;
				CLANG_WARN_BLOCK_CAPTURE_AUTORELEASING = YES;
				CLANG_WARN_BOOL_CONVERSION = YES;
				CLANG_WARN_COMMA = YES;
				CLANG_WARN_CONSTANT_CONVERSION = YES;
				CLANG_WARN_DEPRECATED_OBJC_IMPLEMENTATIONS = YES;
				CLANG_WARN_DIRECT_OBJC_ISA_USAGE = YES_ERROR;
				CLANG_WARN_DOCUMENTATION_COMMENTS = YES;
				CLANG_WARN_EMPTY_BODY = YES;
				CLANG_WARN_ENUM_CONVERSION = YES;
				CLANG_WARN_INFINITE_RECURSION = YES;
				CLANG_WARN_INT_CONVERSION = YES;
				CLANG_WARN_NON_LITERAL_NULL_CONVERSION = YES;
				CLANG_WARN_OBJC_IMPLICIT_RETAIN_SELF = YES;
				CLANG_WARN_OBJC_LITERAL_CONVERSION = YES;
				CLANG_WARN_OBJC_ROOT_CLASS = YES_ERROR;
				CLANG_WARN_RANGE_LOOP_ANALYSIS = YES;
				CLANG_WARN_STRICT_PROTOTYPES = YES;
				CLANG_WARN_SUSPICIOUS_MOVE = YES;
				CLANG_WARN_UNGUARDED_AVAILABILITY = YES_AGGRESSIVE;
				CLANG_WARN_UNREACHABLE_CODE = YES;
				CLANG_WARN__DUPLICATE_METHOD_MATCH = YES;
				CODE_SIGN_IDENTITY = "iPhone Developer";
				COPY_PHASE_STRIP = NO;
				DEBUG_INFORMATION_FORMAT = "dwarf-with-dsym";
				ENABLE_NS_ASSERTIONS = NO;
				ENABLE_STRICT_OBJC_MSGSEND = YES;
				GCC_C_LANGUAGE_STANDARD = gnu11;
				GCC_NO_COMMON_BLOCKS = YES;
				GCC_WARN_64_TO_32_BIT_CONVERSION = YES;
				GCC_WARN_ABOUT_RETURN_TYPE = YES_ERROR;
				GCC_WARN_UNDECLARED_SELECTOR = YES;
				GCC_WARN_UNINITIALIZED_AUTOS = YES_AGGRESSIVE;
				GCC_WARN_UNUSED_FUNCTION = YES;
				GCC_WARN_UNUSED_VARIABLE = YES;
				IPHONEOS_DEPLOYMENT_TARGET = 12.1;
				MTL_ENABLE_DEBUG_INFO = NO;
				MTL_FAST_MATH = YES;
				SDKROOT = iphoneos;
				VALIDATE_PRODUCT = YES;
			};
			name = Release;
		};
		CDC96AD52239EA8A0073C830 /* Debug */ = {
			isa = XCBuildConfiguration;
			baseConfigurationReference = 28E5AA0510FDFCFDA83B5009 /* Pods-PBM.debug.xcconfig */;
			buildSettings = {
				ASSETCATALOG_COMPILER_APPICON_NAME = AppIcon;
				CODE_SIGN_STYLE = Automatic;
				DEVELOPMENT_TEAM = QW22ZUA545;
				INFOPLIST_FILE = PBM/Info.plist;
				LD_RUNPATH_SEARCH_PATHS = (
					"$(inherited)",
					"@executable_path/Frameworks",
				);
				PRODUCT_BUNDLE_IDENTIFIER = markLiu.PBM;
				PRODUCT_NAME = "$(TARGET_NAME)";
				TARGETED_DEVICE_FAMILY = "1,2";
			};
			name = Debug;
		};
		CDC96AD62239EA8A0073C830 /* Release */ = {
			isa = XCBuildConfiguration;
			baseConfigurationReference = 13698CDB13D757B520F0CC8C /* Pods-PBM.release.xcconfig */;
			buildSettings = {
				ASSETCATALOG_COMPILER_APPICON_NAME = AppIcon;
				CODE_SIGN_STYLE = Automatic;
				DEVELOPMENT_TEAM = QW22ZUA545;
				INFOPLIST_FILE = PBM/Info.plist;
				LD_RUNPATH_SEARCH_PATHS = (
					"$(inherited)",
					"@executable_path/Frameworks",
				);
				PRODUCT_BUNDLE_IDENTIFIER = markLiu.PBM;
				PRODUCT_NAME = "$(TARGET_NAME)";
				TARGETED_DEVICE_FAMILY = "1,2";
			};
			name = Release;
		};
/* End XCBuildConfiguration section */

/* Begin XCConfigurationList section */
		CDC96AB92239EA890073C830 /* Build configuration list for PBXProject "PBM" */ = {
			isa = XCConfigurationList;
			buildConfigurations = (
				CDC96AD22239EA8A0073C830 /* Debug */,
				CDC96AD32239EA8A0073C830 /* Release */,
			);
			defaultConfigurationIsVisible = 0;
			defaultConfigurationName = Release;
		};
		CDC96AD42239EA8A0073C830 /* Build configuration list for PBXNativeTarget "PBM" */ = {
			isa = XCConfigurationList;
			buildConfigurations = (
				CDC96AD52239EA8A0073C830 /* Debug */,
				CDC96AD62239EA8A0073C830 /* Release */,
			);
			defaultConfigurationIsVisible = 0;
			defaultConfigurationName = Release;
		};
/* End XCConfigurationList section */
	};
	rootObject = CDC96AB62239EA890073C830 /* Project object */;
}
